
Microsoft Visual Studio Solution File, Format Version 12.00
# Visual Studio 15
VisualStudioVersion = 15.0.26730.12
MinimumVisualStudioVersion = 10.0.40219.1
Project("{8BC9CEB8-8B4A-11D0-8D11-00A0C91BC942}") = "ChainedList_M411", "ChainedList_M411.vcxproj", "{67043FDA-5705-4CAD-AE7B-8B0D40F7E7A7}"
EndProject
Global
	GlobalSection(SolutionConfigurationPlatforms) = preSolution
		Debug|x64 = Debug|x64
		Debug|x86 = Debug|x86
		Release|x64 = Release|x64
		Release|x86 = Release|x86
	EndGlobalSection
	GlobalSection(ProjectConfigurationPlatforms) = postSolution
		{67043FDA-5705-4CAD-AE7B-8B0D40F7E7A7}.Debug|x64.ActiveCfg = Debug|x64
		{67043FDA-5705-4CAD-AE7B-8B0D40F7E7A7}.Debug|x64.Build.0 = Debug|x64
		{67043FDA-5705-4CAD-AE7B-8B0D40F7E7A7}.Debug|x86.ActiveCfg = Debug|Win32
		{67043FDA-5705-4CAD-AE7B-8B0D40F7E7A7}.Debug|x86.Build.0 = Debug|Win32
		{67043FDA-5705-4CAD-AE7B-8B0D40F7E7A7}.Release|x64.ActiveCfg = Release|x64
		{67043FDA-5705-4CAD-AE7B-8B0D40F7E7A7}.Release|x64.Build.0 = Release|x64
		{67043FDA-5705-4CAD-AE7B-8B0D40F7E7A7}.Release|x86.ActiveCfg = Release|Win32
		{67043FDA-5705-4CAD-AE7B-8B0D40F7E7A7}.Release|x86.Build.0 = Release|Win32
	EndGlobalSection
	GlobalSection(SolutionProperties) = preSolution
		HideSolutionNode = FALSE
	EndGlobalSection
	GlobalSection(ExtensibilityGlobals) = postSolution
		SolutionGuid = {1E1843C2-ECAE-4F2D-B668-9298D9543B8B}
	EndGlobalSection
EndGlobal
